# THIS IS AN AUTOGENERATED FILE. DO NOT EDIT THIS FILE DIRECTLY.
# yarn lockfile v1


intl-tel-input@^17.0.13:
  version "17.0.13"
  resolved "https://registry.yarnpkg.com/intl-tel-input/-/intl-tel-input-17.0.13.tgz#74a51db3b44f47ae8264df7d101a0810e53c77a6"
  integrity sha512-+jPgPKUcgbhSSRN0BZLJOdntTaMv8tqowLrVQ3CGCNGpMKb4B9PRyzOZQpwo1FeA+LTOzvErOlBhbCuQog7R3g==
